
Microsoft Visual Studio Solution File, Format Version 12.00
# Visual Studio Version 17
VisualStudioVersion = 17.1.32414.318
MinimumVisualStudioVersion = 10.0.40219.1
Project("{FAE04EC0-301F-11D3-BF4B-00C04F79EFBC}") = "MinimalAPI", "MinimalAPI.csproj", "{274C3557-815F-4E64-8BE7-5D365D9D70A5}"
EndProject
Global
	GlobalSection(SolutionConfigurationPlatforms) = preSolution
		Debug|Any CPU = Debug|Any CPU
		Release|Any CPU = Release|Any CPU
	EndGlobalSection
	GlobalSection(ProjectConfigurationPlatforms) = postSolution
		{274C3557-815F-4E64-8BE7-5D365D9D70A5}.Debug|Any CPU.ActiveCfg = Debug|Any CPU
		{274C3557-815F-4E64-8BE7-5D365D9D70A5}.Debug|Any CPU.Build.0 = Debug|Any CPU
		{274C3557-815F-4E64-8BE7-5D365D9D70A5}.Release|Any CPU.ActiveCfg = Release|Any CPU
		{274C3557-815F-4E64-8BE7-5D365D9D70A5}.Release|Any CPU.Build.0 = Release|Any CPU
	EndGlobalSection
	GlobalSection(SolutionProperties) = preSolution
		HideSolutionNode = FALSE
	EndGlobalSection
	GlobalSection(ExtensibilityGlobals) = postSolution
		SolutionGuid = {C51C7B13-6371-4E47-92A6-1E26A0FECDF9}
	EndGlobalSection
EndGlobal
